
Microsoft Visual Studio Solution File, Format Version 12.00
# Visual Studio Version 16
VisualStudioVersion = 16.0.30804.86
MinimumVisualStudioVersion = 10.0.40219.1
Project("{9A19103F-16F7-4668-BE54-9A1E7A4F7556}") = "Frontend", "Frontend\Frontend.csproj", "{3EBF76E7-3B07-403D-A0E4-70EFDA60DEA7}"
EndProject
Project("{FAE04EC0-301F-11D3-BF4B-00C04F79EFBC}") = "Generator", "Generator\Generator.csproj", "{257288AA-3691-4907-9786-C424CAD2AB47}"
EndProject
Project("{FAE04EC0-301F-11D3-BF4B-00C04F79EFBC}") = "EF Handling Library", "EF Handling Library\EF Handling Library.csproj", "{3A80C2EF-45EC-4020-88D1-81562291F8EB}"
EndProject
Project("{FAE04EC0-301F-11D3-BF4B-00C04F79EFBC}") = "Direct Connection", "Direct Connection\Direct Connection.csproj", "{D5E4CE67-B431-4F36-B02F-BB7462C9A378}"
EndProject
Global
	GlobalSection(SolutionConfigurationPlatforms) = preSolution
		Debug|Any CPU = Debug|Any CPU
		Release|Any CPU = Release|Any CPU
	EndGlobalSection
	GlobalSection(ProjectConfigurationPlatforms) = postSolution
		{3EBF76E7-3B07-403D-A0E4-70EFDA60DEA7}.Debug|Any CPU.ActiveCfg = Debug|Any CPU
		{3EBF76E7-3B07-403D-A0E4-70EFDA60DEA7}.Debug|Any CPU.Build.0 = Debug|Any CPU
		{3EBF76E7-3B07-403D-A0E4-70EFDA60DEA7}.Release|Any CPU.ActiveCfg = Release|Any CPU
		{3EBF76E7-3B07-403D-A0E4-70EFDA60DEA7}.Release|Any CPU.Build.0 = Release|Any CPU
		{257288AA-3691-4907-9786-C424CAD2AB47}.Debug|Any CPU.ActiveCfg = Debug|Any CPU
		{257288AA-3691-4907-9786-C424CAD2AB47}.Debug|Any CPU.Build.0 = Debug|Any CPU
		{257288AA-3691-4907-9786-C424CAD2AB47}.Release|Any CPU.ActiveCfg = Release|Any CPU
		{257288AA-3691-4907-9786-C424CAD2AB47}.Release|Any CPU.Build.0 = Release|Any CPU
		{3A80C2EF-45EC-4020-88D1-81562291F8EB}.Debug|Any CPU.ActiveCfg = Debug|Any CPU
		{3A80C2EF-45EC-4020-88D1-81562291F8EB}.Debug|Any CPU.Build.0 = Debug|Any CPU
		{3A80C2EF-45EC-4020-88D1-81562291F8EB}.Release|Any CPU.ActiveCfg = Release|Any CPU
		{3A80C2EF-45EC-4020-88D1-81562291F8EB}.Release|Any CPU.Build.0 = Release|Any CPU
		{D5E4CE67-B431-4F36-B02F-BB7462C9A378}.Debug|Any CPU.ActiveCfg = Debug|Any CPU
		{D5E4CE67-B431-4F36-B02F-BB7462C9A378}.Debug|Any CPU.Build.0 = Debug|Any CPU
		{D5E4CE67-B431-4F36-B02F-BB7462C9A378}.Release|Any CPU.ActiveCfg = Release|Any CPU
		{D5E4CE67-B431-4F36-B02F-BB7462C9A378}.Release|Any CPU.Build.0 = Release|Any CPU
	EndGlobalSection
	GlobalSection(SolutionProperties) = preSolution
		HideSolutionNode = FALSE
	EndGlobalSection
	GlobalSection(ExtensibilityGlobals) = postSolution
		SolutionGuid = {7B566A85-064F-49A4-9F32-8336FF1B4D14}
	EndGlobalSection
EndGlobal
